
Microsoft Visual Studio Solution File, Format Version 12.00
# Visual Studio Version 17
VisualStudioVersion = 17.11.35005.142
MinimumVisualStudioVersion = 10.0.40219.1
Project("{2150E333-8FDC-42A3-9474-1A3956D46DE8}") = "Solution Folder", "Solution Folder", "{D462A476-9468-4449-96CD-C43CE705E28F}"
	ProjectSection(SolutionItems) = preProject
		.gitattributes = .gitattributes
		.gitignore = .gitignore
	EndProjectSection
EndProject
Project("{9A19103F-16F7-4668-BE54-9A1E7A4F7556}") = "MergePdf.Core", "MergePdf.Core\MergePdf.Core.csproj", "{E0AD2C02-275A-4839-A438-914348752D84}"
EndProject
Project("{9A19103F-16F7-4668-BE54-9A1E7A4F7556}") = "MergePdf.CLI", "MergePdf.CLI\MergePdf.CLI.csproj", "{475ABCBD-A040-446F-875B-325A9077D3B9}"
EndProject
Project("{FAE04EC0-301F-11D3-BF4B-00C04F79EFBC}") = "MergePdf.GUI", "MergePdf.GUI\MergePdf.GUI.csproj", "{4BA88CBE-93DA-4430-A536-367100E9AE28}"
EndProject
Global
	GlobalSection(SolutionConfigurationPlatforms) = preSolution
		Debug|Any CPU = Debug|Any CPU
		Release|Any CPU = Release|Any CPU
	EndGlobalSection
	GlobalSection(ProjectConfigurationPlatforms) = postSolution
		{E0AD2C02-275A-4839-A438-914348752D84}.Debug|Any CPU.ActiveCfg = Debug|Any CPU
		{E0AD2C02-275A-4839-A438-914348752D84}.Debug|Any CPU.Build.0 = Debug|Any CPU
		{E0AD2C02-275A-4839-A438-914348752D84}.Release|Any CPU.ActiveCfg = Release|Any CPU
		{E0AD2C02-275A-4839-A438-914348752D84}.Release|Any CPU.Build.0 = Release|Any CPU
		{475ABCBD-A040-446F-875B-325A9077D3B9}.Debug|Any CPU.ActiveCfg = Debug|Any CPU
		{475ABCBD-A040-446F-875B-325A9077D3B9}.Debug|Any CPU.Build.0 = Debug|Any CPU
		{475ABCBD-A040-446F-875B-325A9077D3B9}.Release|Any CPU.ActiveCfg = Release|Any CPU
		{475ABCBD-A040-446F-875B-325A9077D3B9}.Release|Any CPU.Build.0 = Release|Any CPU
		{4BA88CBE-93DA-4430-A536-367100E9AE28}.Debug|Any CPU.ActiveCfg = Debug|Any CPU
		{4BA88CBE-93DA-4430-A536-367100E9AE28}.Debug|Any CPU.Build.0 = Debug|Any CPU
		{4BA88CBE-93DA-4430-A536-367100E9AE28}.Release|Any CPU.ActiveCfg = Release|Any CPU
		{4BA88CBE-93DA-4430-A536-367100E9AE28}.Release|Any CPU.Build.0 = Release|Any CPU
	EndGlobalSection
	GlobalSection(SolutionProperties) = preSolution
		HideSolutionNode = FALSE
	EndGlobalSection
	GlobalSection(ExtensibilityGlobals) = postSolution
		SolutionGuid = {C6B13F16-3B58-4694-8702-4702D1A54B10}
	EndGlobalSection
EndGlobal
